
Microsoft Visual Studio Solution File, Format Version 12.00
# Visual Studio 2012
VisualStudioVersion = 12.0.31101.0
MinimumVisualStudioVersion = 10.0.40219.1
Project("{FAE04EC0-301F-11D3-BF4B-00C04F79EFBC}") = "Chance.MvvmCross.Plugins.UserInteraction", "Chance.MvvmCross.Plugins.UserInteraction\Chance.MvvmCross.Plugins.UserInteraction.csproj", "{C912911A-2216-447C-ADF4-8DC190804D75}"
EndProject
Project("{FAE04EC0-301F-11D3-BF4B-00C04F79EFBC}") = "Chance.MvvmCross.Plugins.UserInteraction.Droid", "Chance.MvvmCross.Plugins.UserInteraction.Droid\Chance.MvvmCross.Plugins.UserInteraction.Droid.csproj", "{5BE32F99-E41D-4D84-BBE8-E16A331C7767}"
EndProject
Project("{FAE04EC0-301F-11D3-BF4B-00C04F79EFBC}") = "Chance.MvvmCross.Plugins.UserInteraction.Touch", "Chance.MvvmCross.Plugins.UserInteraction.Touch\Chance.MvvmCross.Plugins.UserInteraction.Touch.csproj", "{CA487D21-3429-498C-971E-70A9C4453E6C}"
EndProject
Project("{2150E333-8FDC-42A3-9474-1A3956D46DE8}") = "Solution Items", "Solution Items", "{C6C2BCE6-73AC-4EDC-A08D-B12B2FF434CB}"
	ProjectSection(SolutionItems) = preProject
		readme.md = readme.md
	EndProjectSection
EndProject
Project("{FAE04EC0-301F-11D3-BF4B-00C04F79EFBC}") = "Chance.MvvmCross.Plugins.UserInteraction.WindowsPhone", "Chance.MvvmCross.Plugins.UserInteraction.WindowsPhone\Chance.MvvmCross.Plugins.UserInteraction.WindowsPhone.csproj", "{3856B230-5B7B-4285-B591-A36C7BBE08CB}"
EndProject
Project("{FAE04EC0-301F-11D3-BF4B-00C04F79EFBC}") = "Chance.MvvmCross.Plugins.UserInteraction.WindowsStore", "Chance.MvvmCross.Plugins.UserInteraction.WindowsStore\Chance.MvvmCross.Plugins.UserInteraction.WindowsStore.csproj", "{53FDB605-5B5D-4EA3-959E-D3F29B37686C}"
EndProject
Project("{2150E333-8FDC-42A3-9474-1A3956D46DE8}") = "nuspec", "nuspec", "{A70679AB-94DA-4DD6-8C6E-E932F703DB98}"
	ProjectSection(SolutionItems) = preProject
		nuspec\Chance.MvvmCross.Plugins.UserInteraction.nuspec = nuspec\Chance.MvvmCross.Plugins.UserInteraction.nuspec
	EndProjectSection
EndProject
Project("{2150E333-8FDC-42A3-9474-1A3956D46DE8}") = "TouchBootstrapContent", "TouchBootstrapContent", "{F89BE4F7-B547-4C66-82DC-38AC0D741C46}"
	ProjectSection(SolutionItems) = preProject
		nuspec\TouchBootstrapContent\UserInteractionPluginBootstrap.cs.pp = nuspec\TouchBootstrapContent\UserInteractionPluginBootstrap.cs.pp
	EndProjectSection
EndProject
Project("{2150E333-8FDC-42A3-9474-1A3956D46DE8}") = "BootstrapContent", "BootstrapContent", "{5BA27F18-EA41-4EE1-A460-ACA3BF54424F}"
	ProjectSection(SolutionItems) = preProject
		nuspec\BootstrapContent\UserInteractionPluginBootstrap.cs.pp = nuspec\BootstrapContent\UserInteractionPluginBootstrap.cs.pp
	EndProjectSection
EndProject
Project("{FAE04EC0-301F-11D3-BF4B-00C04F79EFBC}") = "Chance.MvvmCross.Plugins.UserInteraction.WindowsCommon", "Chance.MvvmCross.Plugins.UserInteraction.WindowsCommon\Chance.MvvmCross.Plugins.UserInteraction.WindowsCommon.csproj", "{94F91390-3679-42B7-9856-EA58D8CAFEB3}"
EndProject
Project("{2150E333-8FDC-42A3-9474-1A3956D46DE8}") = "Ext", "Ext", "{FD3703FD-7FFF-42A0-994E-641267A97CB9}"
EndProject
Project("{2150E333-8FDC-42A3-9474-1A3956D46DE8}") = "Mvx", "Mvx", "{91435B75-DB50-46D6-A992-78DE39703BF7}"
EndProject
Project("{FAE04EC0-301F-11D3-BF4B-00C04F79EFBC}") = "Cirrious.CrossCore", "..\MvvmCross\CrossCore\Cirrious.CrossCore\Cirrious.CrossCore.csproj", "{CFF6F25A-3C3B-44EE-A54C-2ED4AAFF3ADB}"
EndProject
Project("{FAE04EC0-301F-11D3-BF4B-00C04F79EFBC}") = "Cirrious.CrossCore.Droid", "..\MvvmCross\CrossCore\Cirrious.CrossCore.Droid\Cirrious.CrossCore.Droid.csproj", "{CAF8935F-56FE-4485-9D34-4A38FE79F6C9}"
EndProject
Project("{FAE04EC0-301F-11D3-BF4B-00C04F79EFBC}") = "Cirrious.CrossCore.Touch", "..\MvvmCross\CrossCore\Cirrious.CrossCore.Touch\Cirrious.CrossCore.Touch.csproj", "{BBBCD850-E7CB-4B6C-86D9-CE01F2B1C81C}"
EndProject
Project("{FAE04EC0-301F-11D3-BF4B-00C04F79EFBC}") = "Cirrious.MvvmCross", "..\MvvmCross\Cirrious\Cirrious.MvvmCross\Cirrious.MvvmCross.csproj", "{B6E27475-E7D0-448C-A5CC-5097DCA1E2DD}"
EndProject
Project("{FAE04EC0-301F-11D3-BF4B-00C04F79EFBC}") = "Cirrious.MvvmCross.Droid", "..\MvvmCross\Cirrious\Cirrious.MvvmCross.Droid\Cirrious.MvvmCross.Droid.csproj", "{7A6BE137-D0F1-46A1-AE5C-81FAEEDDDF02}"
EndProject
Project("{FAE04EC0-301F-11D3-BF4B-00C04F79EFBC}") = "Cirrious.MvvmCross.Touch", "..\MvvmCross\Cirrious\Cirrious.MvvmCross.Touch\Cirrious.MvvmCross.Touch.csproj", "{E042EDD9-E89D-4928-BF4D-27F0FC29CEDA}"
EndProject
Project("{FAE04EC0-301F-11D3-BF4B-00C04F79EFBC}") = "Cirrious.MvvmCross.Localization", "..\MvvmCross\Cirrious\Cirrious.MvvmCross.Localization\Cirrious.MvvmCross.Localization.csproj", "{D89351C1-D48F-4AD0-A0B9-353A93425AB7}"
EndProject
Project("{FAE04EC0-301F-11D3-BF4B-00C04F79EFBC}") = "Cirrious.MvvmCross.Binding", "..\MvvmCross\Cirrious\Cirrious.MvvmCross.Binding\Cirrious.MvvmCross.Binding.csproj", "{64DCD397-9019-41E8-A928-E5F5C5DF185B}"
EndProject
Project("{FAE04EC0-301F-11D3-BF4B-00C04F79EFBC}") = "Cirrious.MvvmCross.Binding.Droid", "..\MvvmCross\Cirrious\Cirrious.MvvmCross.Binding.Droid\Cirrious.MvvmCross.Binding.Droid.csproj", "{47FD89C3-19DC-4BD2-9B6D-FB8363BE7EB9}"
EndProject
Project("{FAE04EC0-301F-11D3-BF4B-00C04F79EFBC}") = "Cirrious.MvvmCross.Binding.Touch", "..\MvvmCross\Cirrious\Cirrious.MvvmCross.Binding.Touch\Cirrious.MvvmCross.Binding.Touch.csproj", "{913B13B5-7B2C-4DDA-BECB-DADC827ED895}"
EndProject
Global
	GlobalSection(SolutionConfigurationPlatforms) = preSolution
		Debug|Any CPU = Debug|Any CPU
		Debug|ARM = Debug|ARM
		Debug|x64 = Debug|x64
		Debug|x86 = Debug|x86
		Release|Any CPU = Release|Any CPU
		Release|ARM = Release|ARM
		Release|x64 = Release|x64
		Release|x86 = Release|x86
	EndGlobalSection
	GlobalSection(ProjectConfigurationPlatforms) = postSolution
		{3856B230-5B7B-4285-B591-A36C7BBE08CB}.Debug|Any CPU.ActiveCfg = Debug|Any CPU
		{3856B230-5B7B-4285-B591-A36C7BBE08CB}.Debug|Any CPU.Build.0 = Debug|Any CPU
		{3856B230-5B7B-4285-B591-A36C7BBE08CB}.Debug|ARM.ActiveCfg = Debug|ARM
		{3856B230-5B7B-4285-B591-A36C7BBE08CB}.Debug|ARM.Build.0 = Debug|ARM
		{3856B230-5B7B-4285-B591-A36C7BBE08CB}.Debug|x64.ActiveCfg = Debug|Any CPU
		{3856B230-5B7B-4285-B591-A36C7BBE08CB}.Debug|x86.ActiveCfg = Debug|x86
		{3856B230-5B7B-4285-B591-A36C7BBE08CB}.Debug|x86.Build.0 = Debug|x86
		{3856B230-5B7B-4285-B591-A36C7BBE08CB}.Release|Any CPU.ActiveCfg = Release|Any CPU
		{3856B230-5B7B-4285-B591-A36C7BBE08CB}.Release|Any CPU.Build.0 = Release|Any CPU
		{3856B230-5B7B-4285-B591-A36C7BBE08CB}.Release|ARM.ActiveCfg = Release|ARM
		{3856B230-5B7B-4285-B591-A36C7BBE08CB}.Release|ARM.Build.0 = Release|ARM
		{3856B230-5B7B-4285-B591-A36C7BBE08CB}.Release|x64.ActiveCfg = Release|Any CPU
		{3856B230-5B7B-4285-B591-A36C7BBE08CB}.Release|x86.ActiveCfg = Release|x86
		{3856B230-5B7B-4285-B591-A36C7BBE08CB}.Release|x86.Build.0 = Release|x86
		{47FD89C3-19DC-4BD2-9B6D-FB8363BE7EB9}.Debug|Any CPU.ActiveCfg = Debug|Any CPU
		{47FD89C3-19DC-4BD2-9B6D-FB8363BE7EB9}.Debug|Any CPU.Build.0 = Debug|Any CPU
		{47FD89C3-19DC-4BD2-9B6D-FB8363BE7EB9}.Debug|ARM.ActiveCfg = Debug|Any CPU
		{47FD89C3-19DC-4BD2-9B6D-FB8363BE7EB9}.Debug|ARM.Build.0 = Debug|Any CPU
		{47FD89C3-19DC-4BD2-9B6D-FB8363BE7EB9}.Debug|x64.ActiveCfg = Debug|Any CPU
		{47FD89C3-19DC-4BD2-9B6D-FB8363BE7EB9}.Debug|x64.Build.0 = Debug|Any CPU
		{47FD89C3-19DC-4BD2-9B6D-FB8363BE7EB9}.Debug|x86.ActiveCfg = Debug|Any CPU
		{47FD89C3-19DC-4BD2-9B6D-FB8363BE7EB9}.Debug|x86.Build.0 = Debug|Any CPU
		{47FD89C3-19DC-4BD2-9B6D-FB8363BE7EB9}.Release|Any CPU.ActiveCfg = Release|Any CPU
		{47FD89C3-19DC-4BD2-9B6D-FB8363BE7EB9}.Release|Any CPU.Build.0 = Release|Any CPU
		{47FD89C3-19DC-4BD2-9B6D-FB8363BE7EB9}.Release|ARM.ActiveCfg = Release|Any CPU
		{47FD89C3-19DC-4BD2-9B6D-FB8363BE7EB9}.Release|ARM.Build.0 = Release|Any CPU
		{47FD89C3-19DC-4BD2-9B6D-FB8363BE7EB9}.Release|x64.ActiveCfg = Release|Any CPU
		{47FD89C3-19DC-4BD2-9B6D-FB8363BE7EB9}.Release|x64.Build.0 = Release|Any CPU
		{47FD89C3-19DC-4BD2-9B6D-FB8363BE7EB9}.Release|x86.ActiveCfg = Release|Any CPU
		{47FD89C3-19DC-4BD2-9B6D-FB8363BE7EB9}.Release|x86.Build.0 = Release|Any CPU
		{53FDB605-5B5D-4EA3-959E-D3F29B37686C}.Debug|Any CPU.ActiveCfg = Debug|Any CPU
		{53FDB605-5B5D-4EA3-959E-D3F29B37686C}.Debug|Any CPU.Build.0 = Debug|Any CPU
		{53FDB605-5B5D-4EA3-959E-D3F29B37686C}.Debug|ARM.ActiveCfg = Debug|ARM
		{53FDB605-5B5D-4EA3-959E-D3F29B37686C}.Debug|ARM.Build.0 = Debug|ARM
		{53FDB605-5B5D-4EA3-959E-D3F29B37686C}.Debug|x64.ActiveCfg = Debug|x64
		{53FDB605-5B5D-4EA3-959E-D3F29B37686C}.Debug|x64.Build.0 = Debug|x64
		{53FDB605-5B5D-4EA3-959E-D3F29B37686C}.Debug|x86.ActiveCfg = Debug|x86
		{53FDB605-5B5D-4EA3-959E-D3F29B37686C}.Debug|x86.Build.0 = Debug|x86
		{53FDB605-5B5D-4EA3-959E-D3F29B37686C}.Release|Any CPU.ActiveCfg = Release|Any CPU
		{53FDB605-5B5D-4EA3-959E-D3F29B37686C}.Release|Any CPU.Build.0 = Release|Any CPU
		{53FDB605-5B5D-4EA3-959E-D3F29B37686C}.Release|ARM.ActiveCfg = Release|ARM
		{53FDB605-5B5D-4EA3-959E-D3F29B37686C}.Release|ARM.Build.0 = Release|ARM
		{53FDB605-5B5D-4EA3-959E-D3F29B37686C}.Release|x64.ActiveCfg = Release|x64
		{53FDB605-5B5D-4EA3-959E-D3F29B37686C}.Release|x64.Build.0 = Release|x64
		{53FDB605-5B5D-4EA3-959E-D3F29B37686C}.Release|x86.ActiveCfg = Release|x86
		{53FDB605-5B5D-4EA3-959E-D3F29B37686C}.Release|x86.Build.0 = Release|x86
		{5BE32F99-E41D-4D84-BBE8-E16A331C7767}.Debug|Any CPU.ActiveCfg = Debug|Any CPU
		{5BE32F99-E41D-4D84-BBE8-E16A331C7767}.Debug|Any CPU.Build.0 = Debug|Any CPU
		{5BE32F99-E41D-4D84-BBE8-E16A331C7767}.Debug|ARM.ActiveCfg = Debug|Any CPU
		{5BE32F99-E41D-4D84-BBE8-E16A331C7767}.Debug|x64.ActiveCfg = Debug|Any CPU
		{5BE32F99-E41D-4D84-BBE8-E16A331C7767}.Debug|x86.ActiveCfg = Debug|Any CPU
		{5BE32F99-E41D-4D84-BBE8-E16A331C7767}.Release|Any CPU.ActiveCfg = Release|Any CPU
		{5BE32F99-E41D-4D84-BBE8-E16A331C7767}.Release|Any CPU.Build.0 = Release|Any CPU
		{5BE32F99-E41D-4D84-BBE8-E16A331C7767}.Release|ARM.ActiveCfg = Release|Any CPU
		{5BE32F99-E41D-4D84-BBE8-E16A331C7767}.Release|x64.ActiveCfg = Release|Any CPU
		{5BE32F99-E41D-4D84-BBE8-E16A331C7767}.Release|x86.ActiveCfg = Release|Any CPU
		{64DCD397-9019-41E8-A928-E5F5C5DF185B}.Debug|Any CPU.ActiveCfg = Debug|Any CPU
		{64DCD397-9019-41E8-A928-E5F5C5DF185B}.Debug|Any CPU.Build.0 = Debug|Any CPU
		{64DCD397-9019-41E8-A928-E5F5C5DF185B}.Debug|ARM.ActiveCfg = Debug|Any CPU
		{64DCD397-9019-41E8-A928-E5F5C5DF185B}.Debug|ARM.Build.0 = Debug|Any CPU
		{64DCD397-9019-41E8-A928-E5F5C5DF185B}.Debug|x64.ActiveCfg = Debug|Any CPU
		{64DCD397-9019-41E8-A928-E5F5C5DF185B}.Debug|x64.Build.0 = Debug|Any CPU
		{64DCD397-9019-41E8-A928-E5F5C5DF185B}.Debug|x86.ActiveCfg = Debug|Any CPU
		{64DCD397-9019-41E8-A928-E5F5C5DF185B}.Debug|x86.Build.0 = Debug|Any CPU
		{64DCD397-9019-41E8-A928-E5F5C5DF185B}.Release|Any CPU.ActiveCfg = Release|Any CPU
		{64DCD397-9019-41E8-A928-E5F5C5DF185B}.Release|Any CPU.Build.0 = Release|Any CPU
		{64DCD397-9019-41E8-A928-E5F5C5DF185B}.Release|ARM.ActiveCfg = Release|Any CPU
		{64DCD397-9019-41E8-A928-E5F5C5DF185B}.Release|ARM.Build.0 = Release|Any CPU
		{64DCD397-9019-41E8-A928-E5F5C5DF185B}.Release|x64.ActiveCfg = Release|Any CPU
		{64DCD397-9019-41E8-A928-E5F5C5DF185B}.Release|x64.Build.0 = Release|Any CPU
		{64DCD397-9019-41E8-A928-E5F5C5DF185B}.Release|x86.ActiveCfg = Release|Any CPU
		{64DCD397-9019-41E8-A928-E5F5C5DF185B}.Release|x86.Build.0 = Release|Any CPU
		{7A6BE137-D0F1-46A1-AE5C-81FAEEDDDF02}.Debug|Any CPU.ActiveCfg = Debug|Any CPU
		{7A6BE137-D0F1-46A1-AE5C-81FAEEDDDF02}.Debug|Any CPU.Build.0 = Debug|Any CPU
		{7A6BE137-D0F1-46A1-AE5C-81FAEEDDDF02}.Debug|ARM.ActiveCfg = Debug|Any CPU
		{7A6BE137-D0F1-46A1-AE5C-81FAEEDDDF02}.Debug|ARM.Build.0 = Debug|Any CPU
		{7A6BE137-D0F1-46A1-AE5C-81FAEEDDDF02}.Debug|x64.ActiveCfg = Debug|Any CPU
		{7A6BE137-D0F1-46A1-AE5C-81FAEEDDDF02}.Debug|x64.Build.0 = Debug|Any CPU
		{7A6BE137-D0F1-46A1-AE5C-81FAEEDDDF02}.Debug|x86.ActiveCfg = Debug|Any CPU
		{7A6BE137-D0F1-46A1-AE5C-81FAEEDDDF02}.Debug|x86.Build.0 = Debug|Any CPU
		{7A6BE137-D0F1-46A1-AE5C-81FAEEDDDF02}.Release|Any CPU.ActiveCfg = Release|Any CPU
		{7A6BE137-D0F1-46A1-AE5C-81FAEEDDDF02}.Release|Any CPU.Build.0 = Release|Any CPU
		{7A6BE137-D0F1-46A1-AE5C-81FAEEDDDF02}.Release|ARM.ActiveCfg = Release|Any CPU
		{7A6BE137-D0F1-46A1-AE5C-81FAEEDDDF02}.Release|ARM.Build.0 = Release|Any CPU
		{7A6BE137-D0F1-46A1-AE5C-81FAEEDDDF02}.Release|x64.ActiveCfg = Release|Any CPU
		{7A6BE137-D0F1-46A1-AE5C-81FAEEDDDF02}.Release|x64.Build.0 = Release|Any CPU
		{7A6BE137-D0F1-46A1-AE5C-81FAEEDDDF02}.Release|x86.ActiveCfg = Release|Any CPU
		{7A6BE137-D0F1-46A1-AE5C-81FAEEDDDF02}.Release|x86.Build.0 = Release|Any CPU
		{913B13B5-7B2C-4DDA-BECB-DADC827ED895}.Debug|Any CPU.ActiveCfg = Debug|Any CPU
		{913B13B5-7B2C-4DDA-BECB-DADC827ED895}.Debug|Any CPU.Build.0 = Debug|Any CPU
		{913B13B5-7B2C-4DDA-BECB-DADC827ED895}.Debug|ARM.ActiveCfg = Debug|Any CPU
		{913B13B5-7B2C-4DDA-BECB-DADC827ED895}.Debug|ARM.Build.0 = Debug|Any CPU
		{913B13B5-7B2C-4DDA-BECB-DADC827ED895}.Debug|x64.ActiveCfg = Debug|Any CPU
		{913B13B5-7B2C-4DDA-BECB-DADC827ED895}.Debug|x64.Build.0 = Debug|Any CPU
		{913B13B5-7B2C-4DDA-BECB-DADC827ED895}.Debug|x86.ActiveCfg = Debug|Any CPU
		{913B13B5-7B2C-4DDA-BECB-DADC827ED895}.Debug|x86.Build.0 = Debug|Any CPU
		{913B13B5-7B2C-4DDA-BECB-DADC827ED895}.Release|Any CPU.ActiveCfg = Release|Any CPU
		{913B13B5-7B2C-4DDA-BECB-DADC827ED895}.Release|Any CPU.Build.0 = Release|Any CPU
		{913B13B5-7B2C-4DDA-BECB-DADC827ED895}.Release|ARM.ActiveCfg = Release|Any CPU
		{913B13B5-7B2C-4DDA-BECB-DADC827ED895}.Release|ARM.Build.0 = Release|Any CPU
		{913B13B5-7B2C-4DDA-BECB-DADC827ED895}.Release|x64.ActiveCfg = Release|Any CPU
		{913B13B5-7B2C-4DDA-BECB-DADC827ED895}.Release|x64.Build.0 = Release|Any CPU
		{913B13B5-7B2C-4DDA-BECB-DADC827ED895}.Release|x86.ActiveCfg = Release|Any CPU
		{913B13B5-7B2C-4DDA-BECB-DADC827ED895}.Release|x86.Build.0 = Release|Any CPU
		{94F91390-3679-42B7-9856-EA58D8CAFEB3}.Debug|Any CPU.ActiveCfg = Debug|Any CPU
		{94F91390-3679-42B7-9856-EA58D8CAFEB3}.Debug|Any CPU.Build.0 = Debug|Any CPU
		{94F91390-3679-42B7-9856-EA58D8CAFEB3}.Debug|ARM.ActiveCfg = Debug|ARM
		{94F91390-3679-42B7-9856-EA58D8CAFEB3}.Debug|ARM.Build.0 = Debug|ARM
		{94F91390-3679-42B7-9856-EA58D8CAFEB3}.Debug|x64.ActiveCfg = Debug|Any CPU
		{94F91390-3679-42B7-9856-EA58D8CAFEB3}.Debug|x86.ActiveCfg = Debug|x86
		{94F91390-3679-42B7-9856-EA58D8CAFEB3}.Debug|x86.Build.0 = Debug|x86
		{94F91390-3679-42B7-9856-EA58D8CAFEB3}.Release|Any CPU.ActiveCfg = Release|Any CPU
		{94F91390-3679-42B7-9856-EA58D8CAFEB3}.Release|Any CPU.Build.0 = Release|Any CPU
		{94F91390-3679-42B7-9856-EA58D8CAFEB3}.Release|ARM.ActiveCfg = Release|ARM
		{94F91390-3679-42B7-9856-EA58D8CAFEB3}.Release|ARM.Build.0 = Release|ARM
		{94F91390-3679-42B7-9856-EA58D8CAFEB3}.Release|x64.ActiveCfg = Release|Any CPU
		{94F91390-3679-42B7-9856-EA58D8CAFEB3}.Release|x86.ActiveCfg = Release|x86
		{94F91390-3679-42B7-9856-EA58D8CAFEB3}.Release|x86.Build.0 = Release|x86
		{B6E27475-E7D0-448C-A5CC-5097DCA1E2DD}.Debug|Any CPU.ActiveCfg = Debug|Any CPU
		{B6E27475-E7D0-448C-A5CC-5097DCA1E2DD}.Debug|Any CPU.Build.0 = Debug|Any CPU
		{B6E27475-E7D0-448C-A5CC-5097DCA1E2DD}.Debug|ARM.ActiveCfg = Debug|Any CPU
		{B6E27475-E7D0-448C-A5CC-5097DCA1E2DD}.Debug|ARM.Build.0 = Debug|Any CPU
		{B6E27475-E7D0-448C-A5CC-5097DCA1E2DD}.Debug|x64.ActiveCfg = Debug|Any CPU
		{B6E27475-E7D0-448C-A5CC-5097DCA1E2DD}.Debug|x64.Build.0 = Debug|Any CPU
		{B6E27475-E7D0-448C-A5CC-5097DCA1E2DD}.Debug|x86.ActiveCfg = Debug|Any CPU
		{B6E27475-E7D0-448C-A5CC-5097DCA1E2DD}.Debug|x86.Build.0 = Debug|Any CPU
		{B6E27475-E7D0-448C-A5CC-5097DCA1E2DD}.Release|Any CPU.ActiveCfg = Release|Any CPU
		{B6E27475-E7D0-448C-A5CC-5097DCA1E2DD}.Release|Any CPU.Build.0 = Release|Any CPU
		{B6E27475-E7D0-448C-A5CC-5097DCA1E2DD}.Release|ARM.ActiveCfg = Release|Any CPU
		{B6E27475-E7D0-448C-A5CC-5097DCA1E2DD}.Release|ARM.Build.0 = Release|Any CPU
		{B6E27475-E7D0-448C-A5CC-5097DCA1E2DD}.Release|x64.ActiveCfg = Release|Any CPU
		{B6E27475-E7D0-448C-A5CC-5097DCA1E2DD}.Release|x64.Build.0 = Release|Any CPU
		{B6E27475-E7D0-448C-A5CC-5097DCA1E2DD}.Release|x86.ActiveCfg = Release|Any CPU
		{B6E27475-E7D0-448C-A5CC-5097DCA1E2DD}.Release|x86.Build.0 = Release|Any CPU
		{BBBCD850-E7CB-4B6C-86D9-CE01F2B1C81C}.Debug|Any CPU.ActiveCfg = Debug|Any CPU
		{BBBCD850-E7CB-4B6C-86D9-CE01F2B1C81C}.Debug|Any CPU.Build.0 = Debug|Any CPU
		{BBBCD850-E7CB-4B6C-86D9-CE01F2B1C81C}.Debug|ARM.ActiveCfg = Debug|Any CPU
		{BBBCD850-E7CB-4B6C-86D9-CE01F2B1C81C}.Debug|ARM.Build.0 = Debug|Any CPU
		{BBBCD850-E7CB-4B6C-86D9-CE01F2B1C81C}.Debug|x64.ActiveCfg = Debug|Any CPU
		{BBBCD850-E7CB-4B6C-86D9-CE01F2B1C81C}.Debug|x64.Build.0 = Debug|Any CPU
		{BBBCD850-E7CB-4B6C-86D9-CE01F2B1C81C}.Debug|x86.ActiveCfg = Debug|Any CPU
		{BBBCD850-E7CB-4B6C-86D9-CE01F2B1C81C}.Debug|x86.Build.0 = Debug|Any CPU
		{BBBCD850-E7CB-4B6C-86D9-CE01F2B1C81C}.Release|Any CPU.ActiveCfg = Release|Any CPU
		{BBBCD850-E7CB-4B6C-86D9-CE01F2B1C81C}.Release|Any CPU.Build.0 = Release|Any CPU
		{BBBCD850-E7CB-4B6C-86D9-CE01F2B1C81C}.Release|ARM.ActiveCfg = Release|Any CPU
		{BBBCD850-E7CB-4B6C-86D9-CE01F2B1C81C}.Release|ARM.Build.0 = Release|Any CPU
		{BBBCD850-E7CB-4B6C-86D9-CE01F2B1C81C}.Release|x64.ActiveCfg = Release|Any CPU
		{BBBCD850-E7CB-4B6C-86D9-CE01F2B1C81C}.Release|x64.Build.0 = Release|Any CPU
		{BBBCD850-E7CB-4B6C-86D9-CE01F2B1C81C}.Release|x86.ActiveCfg = Release|Any CPU
		{BBBCD850-E7CB-4B6C-86D9-CE01F2B1C81C}.Release|x86.Build.0 = Release|Any CPU
		{C912911A-2216-447C-ADF4-8DC190804D75}.Debug|Any CPU.ActiveCfg = Debug|Any CPU
		{C912911A-2216-447C-ADF4-8DC190804D75}.Debug|Any CPU.Build.0 = Debug|Any CPU
		{C912911A-2216-447C-ADF4-8DC190804D75}.Debug|ARM.ActiveCfg = Debug|Any CPU
		{C912911A-2216-447C-ADF4-8DC190804D75}.Debug|x64.ActiveCfg = Debug|Any CPU
		{C912911A-2216-447C-ADF4-8DC190804D75}.Debug|x86.ActiveCfg = Debug|Any CPU
		{C912911A-2216-447C-ADF4-8DC190804D75}.Release|Any CPU.ActiveCfg = Release|Any CPU
		{C912911A-2216-447C-ADF4-8DC190804D75}.Release|Any CPU.Build.0 = Release|Any CPU
		{C912911A-2216-447C-ADF4-8DC190804D75}.Release|ARM.ActiveCfg = Release|Any CPU
		{C912911A-2216-447C-ADF4-8DC190804D75}.Release|x64.ActiveCfg = Release|Any CPU
		{C912911A-2216-447C-ADF4-8DC190804D75}.Release|x86.ActiveCfg = Release|Any CPU
		{CA487D21-3429-498C-971E-70A9C4453E6C}.Debug|Any CPU.ActiveCfg = Debug|Any CPU
		{CA487D21-3429-498C-971E-70A9C4453E6C}.Debug|Any CPU.Build.0 = Debug|Any CPU
		{CA487D21-3429-498C-971E-70A9C4453E6C}.Debug|ARM.ActiveCfg = Debug|Any CPU
		{CA487D21-3429-498C-971E-70A9C4453E6C}.Debug|x64.ActiveCfg = Debug|Any CPU
		{CA487D21-3429-498C-971E-70A9C4453E6C}.Debug|x86.ActiveCfg = Debug|Any CPU
		{CA487D21-3429-498C-971E-70A9C4453E6C}.Release|Any CPU.ActiveCfg = Release|Any CPU
		{CA487D21-3429-498C-971E-70A9C4453E6C}.Release|Any CPU.Build.0 = Release|Any CPU
		{CA487D21-3429-498C-971E-70A9C4453E6C}.Release|ARM.ActiveCfg = Release|Any CPU
		{CA487D21-3429-498C-971E-70A9C4453E6C}.Release|x64.ActiveCfg = Release|Any CPU
		{CA487D21-3429-498C-971E-70A9C4453E6C}.Release|x86.ActiveCfg = Release|Any CPU
		{CAF8935F-56FE-4485-9D34-4A38FE79F6C9}.Debug|Any CPU.ActiveCfg = Debug|Any CPU
		{CAF8935F-56FE-4485-9D34-4A38FE79F6C9}.Debug|Any CPU.Build.0 = Debug|Any CPU
		{CAF8935F-56FE-4485-9D34-4A38FE79F6C9}.Debug|ARM.ActiveCfg = Debug|Any CPU
		{CAF8935F-56FE-4485-9D34-4A38FE79F6C9}.Debug|ARM.Build.0 = Debug|Any CPU
		{CAF8935F-56FE-4485-9D34-4A38FE79F6C9}.Debug|x64.ActiveCfg = Debug|Any CPU
		{CAF8935F-56FE-4485-9D34-4A38FE79F6C9}.Debug|x64.Build.0 = Debug|Any CPU
		{CAF8935F-56FE-4485-9D34-4A38FE79F6C9}.Debug|x86.ActiveCfg = Debug|Any CPU
		{CAF8935F-56FE-4485-9D34-4A38FE79F6C9}.Debug|x86.Build.0 = Debug|Any CPU
		{CAF8935F-56FE-4485-9D34-4A38FE79F6C9}.Release|Any CPU.ActiveCfg = Release|Any CPU
		{CAF8935F-56FE-4485-9D34-4A38FE79F6C9}.Release|Any CPU.Build.0 = Release|Any CPU
		{CAF8935F-56FE-4485-9D34-4A38FE79F6C9}.Release|ARM.ActiveCfg = Release|Any CPU
		{CAF8935F-56FE-4485-9D34-4A38FE79F6C9}.Release|ARM.Build.0 = Release|Any CPU
		{CAF8935F-56FE-4485-9D34-4A38FE79F6C9}.Release|x64.ActiveCfg = Release|Any CPU
		{CAF8935F-56FE-4485-9D34-4A38FE79F6C9}.Release|x64.Build.0 = Release|Any CPU
		{CAF8935F-56FE-4485-9D34-4A38FE79F6C9}.Release|x86.ActiveCfg = Release|Any CPU
		{CAF8935F-56FE-4485-9D34-4A38FE79F6C9}.Release|x86.Build.0 = Release|Any CPU
		{CFF6F25A-3C3B-44EE-A54C-2ED4AAFF3ADB}.Debug|Any CPU.ActiveCfg = Debug|Any CPU
		{CFF6F25A-3C3B-44EE-A54C-2ED4AAFF3ADB}.Debug|Any CPU.Build.0 = Debug|Any CPU
		{CFF6F25A-3C3B-44EE-A54C-2ED4AAFF3ADB}.Debug|ARM.ActiveCfg = Debug|Any CPU
		{CFF6F25A-3C3B-44EE-A54C-2ED4AAFF3ADB}.Debug|ARM.Build.0 = Debug|Any CPU
		{CFF6F25A-3C3B-44EE-A54C-2ED4AAFF3ADB}.Debug|x64.ActiveCfg = Debug|Any CPU
		{CFF6F25A-3C3B-44EE-A54C-2ED4AAFF3ADB}.Debug|x64.Build.0 = Debug|Any CPU
		{CFF6F25A-3C3B-44EE-A54C-2ED4AAFF3ADB}.Debug|x86.ActiveCfg = Debug|Any CPU
		{CFF6F25A-3C3B-44EE-A54C-2ED4AAFF3ADB}.Debug|x86.Build.0 = Debug|Any CPU
		{CFF6F25A-3C3B-44EE-A54C-2ED4AAFF3ADB}.Release|Any CPU.ActiveCfg = Release|Any CPU
		{CFF6F25A-3C3B-44EE-A54C-2ED4AAFF3ADB}.Release|Any CPU.Build.0 = Release|Any CPU
		{CFF6F25A-3C3B-44EE-A54C-2ED4AAFF3ADB}.Release|ARM.ActiveCfg = Release|Any CPU
		{CFF6F25A-3C3B-44EE-A54C-2ED4AAFF3ADB}.Release|ARM.Build.0 = Release|Any CPU
		{CFF6F25A-3C3B-44EE-A54C-2ED4AAFF3ADB}.Release|x64.ActiveCfg = Release|Any CPU
		{CFF6F25A-3C3B-44EE-A54C-2ED4AAFF3ADB}.Release|x64.Build.0 = Release|Any CPU
		{CFF6F25A-3C3B-44EE-A54C-2ED4AAFF3ADB}.Release|x86.ActiveCfg = Release|Any CPU
		{CFF6F25A-3C3B-44EE-A54C-2ED4AAFF3ADB}.Release|x86.Build.0 = Release|Any CPU
		{D89351C1-D48F-4AD0-A0B9-353A93425AB7}.Debug|Any CPU.ActiveCfg = Debug|Any CPU
		{D89351C1-D48F-4AD0-A0B9-353A93425AB7}.Debug|Any CPU.Build.0 = Debug|Any CPU
		{D89351C1-D48F-4AD0-A0B9-353A93425AB7}.Debug|ARM.ActiveCfg = Debug|Any CPU
		{D89351C1-D48F-4AD0-A0B9-353A93425AB7}.Debug|ARM.Build.0 = Debug|Any CPU
		{D89351C1-D48F-4AD0-A0B9-353A93425AB7}.Debug|x64.ActiveCfg = Debug|Any CPU
		{D89351C1-D48F-4AD0-A0B9-353A93425AB7}.Debug|x64.Build.0 = Debug|Any CPU
		{D89351C1-D48F-4AD0-A0B9-353A93425AB7}.Debug|x86.ActiveCfg = Debug|Any CPU
		{D89351C1-D48F-4AD0-A0B9-353A93425AB7}.Debug|x86.Build.0 = Debug|Any CPU
		{D89351C1-D48F-4AD0-A0B9-353A93425AB7}.Release|Any CPU.ActiveCfg = Release|Any CPU
		{D89351C1-D48F-4AD0-A0B9-353A93425AB7}.Release|Any CPU.Build.0 = Release|Any CPU
		{D89351C1-D48F-4AD0-A0B9-353A93425AB7}.Release|ARM.ActiveCfg = Release|Any CPU
		{D89351C1-D48F-4AD0-A0B9-353A93425AB7}.Release|ARM.Build.0 = Release|Any CPU
		{D89351C1-D48F-4AD0-A0B9-353A93425AB7}.Release|x64.ActiveCfg = Release|Any CPU
		{D89351C1-D48F-4AD0-A0B9-353A93425AB7}.Release|x64.Build.0 = Release|Any CPU
		{D89351C1-D48F-4AD0-A0B9-353A93425AB7}.Release|x86.ActiveCfg = Release|Any CPU
		{D89351C1-D48F-4AD0-A0B9-353A93425AB7}.Release|x86.Build.0 = Release|Any CPU
		{E042EDD9-E89D-4928-BF4D-27F0FC29CEDA}.Debug|Any CPU.ActiveCfg = Debug|Any CPU
		{E042EDD9-E89D-4928-BF4D-27F0FC29CEDA}.Debug|Any CPU.Build.0 = Debug|Any CPU
		{E042EDD9-E89D-4928-BF4D-27F0FC29CEDA}.Debug|ARM.ActiveCfg = Debug|Any CPU
		{E042EDD9-E89D-4928-BF4D-27F0FC29CEDA}.Debug|ARM.Build.0 = Debug|Any CPU
		{E042EDD9-E89D-4928-BF4D-27F0FC29CEDA}.Debug|x64.ActiveCfg = Debug|Any CPU
		{E042EDD9-E89D-4928-BF4D-27F0FC29CEDA}.Debug|x64.Build.0 = Debug|Any CPU
		{E042EDD9-E89D-4928-BF4D-27F0FC29CEDA}.Debug|x86.ActiveCfg = Debug|Any CPU
		{E042EDD9-E89D-4928-BF4D-27F0FC29CEDA}.Debug|x86.Build.0 = Debug|Any CPU
		{E042EDD9-E89D-4928-BF4D-27F0FC29CEDA}.Release|Any CPU.ActiveCfg = Release|Any CPU
		{E042EDD9-E89D-4928-BF4D-27F0FC29CEDA}.Release|Any CPU.Build.0 = Release|Any CPU
		{E042EDD9-E89D-4928-BF4D-27F0FC29CEDA}.Release|ARM.ActiveCfg = Release|Any CPU
		{E042EDD9-E89D-4928-BF4D-27F0FC29CEDA}.Release|ARM.Build.0 = Release|Any CPU
		{E042EDD9-E89D-4928-BF4D-27F0FC29CEDA}.Release|x64.ActiveCfg = Release|Any CPU
		{E042EDD9-E89D-4928-BF4D-27F0FC29CEDA}.Release|x64.Build.0 = Release|Any CPU
		{E042EDD9-E89D-4928-BF4D-27F0FC29CEDA}.Release|x86.ActiveCfg = Release|Any CPU
		{E042EDD9-E89D-4928-BF4D-27F0FC29CEDA}.Release|x86.Build.0 = Release|Any CPU
	EndGlobalSection
	GlobalSection(NestedProjects) = preSolution
		{F89BE4F7-B547-4C66-82DC-38AC0D741C46} = {A70679AB-94DA-4DD6-8C6E-E932F703DB98}
		{5BA27F18-EA41-4EE1-A460-ACA3BF54424F} = {A70679AB-94DA-4DD6-8C6E-E932F703DB98}
		{91435B75-DB50-46D6-A992-78DE39703BF7} = {FD3703FD-7FFF-42A0-994E-641267A97CB9}
		{CFF6F25A-3C3B-44EE-A54C-2ED4AAFF3ADB} = {91435B75-DB50-46D6-A992-78DE39703BF7}
		{CAF8935F-56FE-4485-9D34-4A38FE79F6C9} = {91435B75-DB50-46D6-A992-78DE39703BF7}
		{BBBCD850-E7CB-4B6C-86D9-CE01F2B1C81C} = {91435B75-DB50-46D6-A992-78DE39703BF7}
		{B6E27475-E7D0-448C-A5CC-5097DCA1E2DD} = {91435B75-DB50-46D6-A992-78DE39703BF7}
		{7A6BE137-D0F1-46A1-AE5C-81FAEEDDDF02} = {91435B75-DB50-46D6-A992-78DE39703BF7}
		{E042EDD9-E89D-4928-BF4D-27F0FC29CEDA} = {91435B75-DB50-46D6-A992-78DE39703BF7}
		{D89351C1-D48F-4AD0-A0B9-353A93425AB7} = {91435B75-DB50-46D6-A992-78DE39703BF7}
		{64DCD397-9019-41E8-A928-E5F5C5DF185B} = {91435B75-DB50-46D6-A992-78DE39703BF7}
		{47FD89C3-19DC-4BD2-9B6D-FB8363BE7EB9} = {91435B75-DB50-46D6-A992-78DE39703BF7}
		{913B13B5-7B2C-4DDA-BECB-DADC827ED895} = {91435B75-DB50-46D6-A992-78DE39703BF7}
	EndGlobalSection
	GlobalSection(SolutionProperties) = preSolution
		HideSolutionNode = FALSE
	EndGlobalSection
EndGlobal
